<?xml version="1.0" encoding="utf-8"?>
<Project ToolsVersion="16.0" xmlns="http://schemas.microsoft.com/developer/msbuild/2003">
  <ItemGroup>
    <CustomBuild Include="D:\openCPN_temp\build\CMakeFiles\1d4e4a57ce39011f6944fd819b01b3b6\PACKAGE_force.rule">
      <Filter>CMake Rules</Filter>
    </CustomBuild>
  </ItemGroup>
  <ItemGroup>
    <Filter Include="CMake Rules">
      <UniqueIdentifier>{1D23F8E1-AA07-3656-A8B0-3202465E078F}</UniqueIdentifier>
    </Filter>
  </ItemGroup>
</Project>
