<?xml version="1.0" encoding="utf-8"?>
<Project ToolsVersion="16.0" xmlns="http://schemas.microsoft.com/developer/msbuild/2003">
  <ItemGroup>
    <CustomBuild Include="D:\ocpn_work\OpenCPN-master\build\CMakeFiles\a4807204a9337a79a24ac86d83d92b39\INSTALL_force.rule">
      <Filter>CMake Rules</Filter>
    </CustomBuild>
  </ItemGroup>
  <ItemGroup>
    <Filter Include="CMake Rules">
      <UniqueIdentifier>{57B325E2-05B2-361C-A254-8D49ECDF28F3}</UniqueIdentifier>
    </Filter>
  </ItemGroup>
</Project>
